{
  "lockfile_version": "1",
  "packages": {
    "go@1.22": {
      "last_modified": "2024-09-10T15:01:03Z",
      "resolved": "github:NixOS/nixpkgs/5ed627539ac84809c78b2dd6d26a5cebeb5ae269#go",
      "source": "devbox-search",
      "version": "1.22.7",
      "systems": {
        "aarch64-darwin": {
          "outputs": [
            {
              "name": "out",
              "path": "/nix/store/rfcwglhhspqx5v5h0sl4b3py14i6vpxa-go-1.22.7",
              "default": true
            }
          ],
          "store_path": "/nix/store/rfcwglhhspqx5v5h0sl4b3py14i6vpxa-go-1.22.7"
        },
        "aarch64-linux": {
          "outputs": [
            {
              "name": "out",
              "path": "/nix/store/64z59pb0ss407rbv1fcvq0ynngrwfa6k-go-1.22.7",
              "default": true
            }
          ],
          "store_path": "/nix/store/64z59pb0ss407rbv1fcvq0ynngrwfa6k-go-1.22.7"
        },
        "x86_64-darwin": {
          "outputs": [
            {
              "name": "out",
              "path": "/nix/store/r8199g59rmp6ac0lnx86fpk57fbxc3bk-go-1.22.7",
              "default": true
            }
          ],
          "store_path": "/nix/store/r8199g59rmp6ac0lnx86fpk57fbxc3bk-go-1.22.7"
        },
        "x86_64-linux": {
          "outputs": [
            {
              "name": "out",
              "path": "/nix/store/chzgk756zb2cqlzbjr86m0lfxi63cdfy-go-1.22.7",
              "default": true
            }
          ],
          "store_path": "/nix/store/chzgk756zb2cqlzbjr86m0lfxi63cdfy-go-1.22.7"
        }
      }
    },
    "gofumpt@0.7": {
      "last_modified": "2024-09-10T15:01:03Z",
      "resolved": "github:NixOS/nixpkgs/5ed627539ac84809c78b2dd6d26a5cebeb5ae269#gofumpt",
      "source": "devbox-search",
      "version": "0.7.0",
      "systems": {
        "aarch64-darwin": {
          "outputs": [
            {
              "name": "out",
              "path": "/nix/store/whr9iqhcmm4k96zqm0n6xjnnrvmc0y96-gofumpt-0.7.0",
              "default": true
            }
          ],
          "store_path": "/nix/store/whr9iqhcmm4k96zqm0n6xjnnrvmc0y96-gofumpt-0.7.0"
        },
        "aarch64-linux": {
          "outputs": [
            {
              "name": "out",
              "path": "/nix/store/bhif5laj89grkmxw14h87w0gx4jrgyqq-gofumpt-0.7.0",
              "default": true
            }
          ],
          "store_path": "/nix/store/bhif5laj89grkmxw14h87w0gx4jrgyqq-gofumpt-0.7.0"
        },
        "x86_64-darwin": {
          "outputs": [
            {
              "name": "out",
              "path": "/nix/store/476qilyjbv63r97zkqfy95g66hkkdjr3-gofumpt-0.7.0",
              "default": true
            }
          ],
          "store_path": "/nix/store/476qilyjbv63r97zkqfy95g66hkkdjr3-gofumpt-0.7.0"
        },
        "x86_64-linux": {
          "outputs": [
            {
              "name": "out",
              "path": "/nix/store/qi57rmvdiad8laqcn4wpciinh9kldk10-gofumpt-0.7.0",
              "default": true
            }
          ],
          "store_path": "/nix/store/qi57rmvdiad8laqcn4wpciinh9kldk10-gofumpt-0.7.0"
        }
      }
    },
    "golangci-lint@1.60": {
      "last_modified": "2024-09-07T06:00:21Z",
      "resolved": "github:NixOS/nixpkgs/29cca090417df03e6d1928d99f77e8e81c74c3fa#golangci-lint",
      "source": "devbox-search",
      "version": "1.60.3",
      "systems": {
        "aarch64-darwin": {
          "outputs": [
            {
              "name": "out",
              "path": "/nix/store/byyqd75qaws3bp84lfnipwdz65y2sms8-golangci-lint-1.60.3",
              "default": true
            }
          ],
          "store_path": "/nix/store/byyqd75qaws3bp84lfnipwdz65y2sms8-golangci-lint-1.60.3"
        },
        "aarch64-linux": {
          "outputs": [
            {
              "name": "out",
              "path": "/nix/store/q76c0iw8rpf1n8v2kwl7shiiymvm2lkn-golangci-lint-1.60.3",
              "default": true
            }
          ],
          "store_path": "/nix/store/q76c0iw8rpf1n8v2kwl7shiiymvm2lkn-golangci-lint-1.60.3"
        },
        "x86_64-darwin": {
          "outputs": [
            {
              "name": "out",
              "path": "/nix/store/4ihxpxi0q56329cnvikv15vcj4lsz17m-golangci-lint-1.60.3",
              "default": true
            }
          ],
          "store_path": "/nix/store/4ihxpxi0q56329cnvikv15vcj4lsz17m-golangci-lint-1.60.3"
        },
        "x86_64-linux": {
          "outputs": [
            {
              "name": "out",
              "path": "/nix/store/ilaacmahr3mfjh2hsfvcsyh7f2gsz0zj-golangci-lint-1.60.3",
              "default": true
            }
          ],
          "store_path": "/nix/store/ilaacmahr3mfjh2hsfvcsyh7f2gsz0zj-golangci-lint-1.60.3"
        }
      }
    },
    "golines@0.12": {
      "last_modified": "2024-09-10T15:01:03Z",
      "resolved": "github:NixOS/nixpkgs/5ed627539ac84809c78b2dd6d26a5cebeb5ae269#golines",
      "source": "devbox-search",
      "version": "0.12.2",
      "systems": {
        "aarch64-darwin": {
          "outputs": [
            {
              "name": "out",
              "path": "/nix/store/08p0z14flgpkx0dbqirc7hw20fcksr4c-golines-0.12.2",
              "default": true
            }
          ],
          "store_path": "/nix/store/08p0z14flgpkx0dbqirc7hw20fcksr4c-golines-0.12.2"
        },
        "aarch64-linux": {
          "outputs": [
            {
              "name": "out",
              "path": "/nix/store/7jwpafpz5bp7rgg8bhli10bzh8a61vz5-golines-0.12.2",
              "default": true
            }
          ],
          "store_path": "/nix/store/7jwpafpz5bp7rgg8bhli10bzh8a61vz5-golines-0.12.2"
        },
        "x86_64-darwin": {
          "outputs": [
            {
              "name": "out",
              "path": "/nix/store/679vrl9dh5cr6d19734a4i9x1qw22k43-golines-0.12.2",
              "default": true
            }
          ],
          "store_path": "/nix/store/679vrl9dh5cr6d19734a4i9x1qw22k43-golines-0.12.2"
        },
        "x86_64-linux": {
          "outputs": [
            {
              "name": "out",
              "path": "/nix/store/k7k5b3s2i9xlmnzp6hp9hq2i3762lnz7-golines-0.12.2",
              "default": true
            }
          ],
          "store_path": "/nix/store/k7k5b3s2i9xlmnzp6hp9hq2i3762lnz7-golines-0.12.2"
        }
      }
    },
    "gosec@latest": {
      "last_modified": "2024-09-28T02:58:32Z",
      "resolved": "github:NixOS/nixpkgs/4471f9f67fe0f95f5fec4cc2ebac59fe32af2b62#gosec",
      "source": "devbox-search",
      "version": "2.21.4",
      "systems": {
        "aarch64-darwin": {
          "outputs": [
            {
              "name": "out",
              "path": "/nix/store/04pc4gvlraj5yk2zf3fabqnrpz1wsyl3-gosec-2.21.4",
              "default": true
            }
          ],
          "store_path": "/nix/store/04pc4gvlraj5yk2zf3fabqnrpz1wsyl3-gosec-2.21.4"
        },
        "aarch64-linux": {
          "outputs": [
            {
              "name": "out",
              "path": "/nix/store/km5fqslzybzgqq41dh5nr8hgn1s4yj1h-gosec-2.21.4",
              "default": true
            }
          ],
          "store_path": "/nix/store/km5fqslzybzgqq41dh5nr8hgn1s4yj1h-gosec-2.21.4"
        },
        "x86_64-darwin": {
          "outputs": [
            {
              "name": "out",
              "path": "/nix/store/5g05cri88720zmmkphgshkm0i4m9nkb1-gosec-2.21.4",
              "default": true
            }
          ],
          "store_path": "/nix/store/5g05cri88720zmmkphgshkm0i4m9nkb1-gosec-2.21.4"
        },
        "x86_64-linux": {
          "outputs": [
            {
              "name": "out",
              "path": "/nix/store/k92vwiq45fx0z3h3vfpvy820cywv48k0-gosec-2.21.4",
              "default": true
            }
          ],
          "store_path": "/nix/store/k92vwiq45fx0z3h3vfpvy820cywv48k0-gosec-2.21.4"
        }
      }
    },
    "gotools@0.22": {
      "last_modified": "2024-09-10T15:01:03Z",
      "resolved": "github:NixOS/nixpkgs/5ed627539ac84809c78b2dd6d26a5cebeb5ae269#gotools",
      "source": "devbox-search",
      "version": "0.22.0",
      "systems": {
        "aarch64-darwin": {
          "outputs": [
            {
              "name": "out",
              "path": "/nix/store/nvd5v0b6m481n89522nnbg4qc8pb7xyg-gotools-0.22.0",
              "default": true
            }
          ],
          "store_path": "/nix/store/nvd5v0b6m481n89522nnbg4qc8pb7xyg-gotools-0.22.0"
        },
        "aarch64-linux": {
          "outputs": [
            {
              "name": "out",
              "path": "/nix/store/y8s75dzkghlz0l1ps6c85r5m6l0ri93q-gotools-0.22.0",
              "default": true
            }
          ],
          "store_path": "/nix/store/y8s75dzkghlz0l1ps6c85r5m6l0ri93q-gotools-0.22.0"
        },
        "x86_64-darwin": {
          "outputs": [
            {
              "name": "out",
              "path": "/nix/store/zngdj1p0mw9fc3kx1gzv95pk54gm6i0q-gotools-0.22.0",
              "default": true
            }
          ],
          "store_path": "/nix/store/zngdj1p0mw9fc3kx1gzv95pk54gm6i0q-gotools-0.22.0"
        },
        "x86_64-linux": {
          "outputs": [
            {
              "name": "out",
              "path": "/nix/store/22x25pzrkh7sqwmpjpgj94n6gd6jcaj8-gotools-0.22.0",
              "default": true
            }
          ],
          "store_path": "/nix/store/22x25pzrkh7sqwmpjpgj94n6gd6jcaj8-gotools-0.22.0"
        }
      }
    },
    "govulncheck@1.0": {
      "last_modified": "2024-04-02T02:53:36Z",
      "resolved": "github:NixOS/nixpkgs/080a4a27f206d07724b88da096e27ef63401a504#govulncheck",
      "source": "devbox-search",
      "version": "1.0.4",
      "systems": {
        "aarch64-darwin": {
          "outputs": [
            {
              "name": "out",
              "path": "/nix/store/ak1p0a3f9imjyr9k8drsvq0lzy47n5ir-govulncheck-1.0.4",
              "default": true
            }
          ],
          "store_path": "/nix/store/ak1p0a3f9imjyr9k8drsvq0lzy47n5ir-govulncheck-1.0.4"
        },
        "aarch64-linux": {
          "outputs": [
            {
              "name": "out",
              "path": "/nix/store/gfa3hilbq47k55p2ygywq1d5rhq7hx0d-govulncheck-1.0.4",
              "default": true
            }
          ],
          "store_path": "/nix/store/gfa3hilbq47k55p2ygywq1d5rhq7hx0d-govulncheck-1.0.4"
        },
        "x86_64-darwin": {
          "outputs": [
            {
              "name": "out",
              "path": "/nix/store/adhf96jwj119nh4bldq233svxsi6yggg-govulncheck-1.0.4",
              "default": true
            }
          ],
          "store_path": "/nix/store/adhf96jwj119nh4bldq233svxsi6yggg-govulncheck-1.0.4"
        },
        "x86_64-linux": {
          "outputs": [
            {
              "name": "out",
              "path": "/nix/store/4g4066kh6bbyfhigh304q2jlgd318phj-govulncheck-1.0.4",
              "default": true
            }
          ],
          "store_path": "/nix/store/4g4066kh6bbyfhigh304q2jlgd318phj-govulncheck-1.0.4"
        }
      }
    },
    "yarn@1.22": {
      "last_modified": "2024-09-10T15:01:03Z",
      "resolved": "github:NixOS/nixpkgs/5ed627539ac84809c78b2dd6d26a5cebeb5ae269#yarn",
      "source": "devbox-search",
      "version": "1.22.22",
      "systems": {
        "aarch64-darwin": {
          "outputs": [
            {
              "name": "out",
              "path": "/nix/store/6j0fflbrszc5k5kd7m36mn9ga6ds8zmr-yarn-1.22.22",
              "default": true
            }
          ],
          "store_path": "/nix/store/6j0fflbrszc5k5kd7m36mn9ga6ds8zmr-yarn-1.22.22"
        },
        "aarch64-linux": {
          "outputs": [
            {
              "name": "out",
              "path": "/nix/store/d1f5qfjkc24v2ng46x0qjsbiwrdfa6d3-yarn-1.22.22",
              "default": true
            }
          ],
          "store_path": "/nix/store/d1f5qfjkc24v2ng46x0qjsbiwrdfa6d3-yarn-1.22.22"
        },
        "x86_64-darwin": {
          "outputs": [
            {
              "name": "out",
              "path": "/nix/store/vfi9zsfiwq5yia28nx04zdmr9ij6nhi3-yarn-1.22.22",
              "default": true
            }
          ],
          "store_path": "/nix/store/vfi9zsfiwq5yia28nx04zdmr9ij6nhi3-yarn-1.22.22"
        },
        "x86_64-linux": {
          "outputs": [
            {
              "name": "out",
              "path": "/nix/store/9yd6frl42syv6vncdy619zblj2vg406g-yarn-1.22.22",
              "default": true
            }
          ],
          "store_path": "/nix/store/9yd6frl42syv6vncdy619zblj2vg406g-yarn-1.22.22"
        }
      }
    }
  }
}
