{
  "lockfile_version": "1",
  "packages": {
    "go@1.24.3": {
      "last_modified": "2025-05-16T20:19:48Z",
      "resolved": "github:NixOS/nixpkgs/12a55407652e04dcf2309436eb06fef0d3713ef3#go",
      "source": "devbox-search",
      "version": "1.24.3",
      "systems": {
        "aarch64-darwin": {
          "outputs": [
            {
              "name": "out",
              "path": "/nix/store/ps3admpzmc1ryvn9q7sw5xfd94dkrb3f-go-1.24.3",
              "default": true
            }
          ],
          "store_path": "/nix/store/ps3admpzmc1ryvn9q7sw5xfd94dkrb3f-go-1.24.3"
        },
        "aarch64-linux": {
          "outputs": [
            {
              "name": "out",
              "path": "/nix/store/45bnqhyyq40p91k3cjw0farx3hn1swx6-go-1.24.3",
              "default": true
            }
          ],
          "store_path": "/nix/store/45bnqhyyq40p91k3cjw0farx3hn1swx6-go-1.24.3"
        },
        "x86_64-darwin": {
          "outputs": [
            {
              "name": "out",
              "path": "/nix/store/9z2kb6hxij7pqi0fgcn9ijhpb7ajpazs-go-1.24.3",
              "default": true
            }
          ],
          "store_path": "/nix/store/9z2kb6hxij7pqi0fgcn9ijhpb7ajpazs-go-1.24.3"
        },
        "x86_64-linux": {
          "outputs": [
            {
              "name": "out",
              "path": "/nix/store/5xvi25nqmbrg58aixp4zgczilfnp7pwg-go-1.24.3",
              "default": true
            }
          ],
          "store_path": "/nix/store/5xvi25nqmbrg58aixp4zgczilfnp7pwg-go-1.24.3"
        }
      }
    },
    "gofumpt@0.8.0": {
      "last_modified": "2025-05-16T20:19:48Z",
      "resolved": "github:NixOS/nixpkgs/12a55407652e04dcf2309436eb06fef0d3713ef3#gofumpt",
      "source": "devbox-search",
      "version": "0.8.0",
      "systems": {
        "aarch64-darwin": {
          "outputs": [
            {
              "name": "out",
              "path": "/nix/store/dnm0j96js99n83bp09m81j8z0knd8v2v-gofumpt-0.8.0",
              "default": true
            }
          ],
          "store_path": "/nix/store/dnm0j96js99n83bp09m81j8z0knd8v2v-gofumpt-0.8.0"
        },
        "aarch64-linux": {
          "outputs": [
            {
              "name": "out",
              "path": "/nix/store/zq2h5zp8b193w3zc55nwl55sm1m73vs1-gofumpt-0.8.0",
              "default": true
            }
          ],
          "store_path": "/nix/store/zq2h5zp8b193w3zc55nwl55sm1m73vs1-gofumpt-0.8.0"
        },
        "x86_64-darwin": {
          "outputs": [
            {
              "name": "out",
              "path": "/nix/store/ra251x4kpnbw3zpxbxprykbb52k64amf-gofumpt-0.8.0",
              "default": true
            }
          ],
          "store_path": "/nix/store/ra251x4kpnbw3zpxbxprykbb52k64amf-gofumpt-0.8.0"
        },
        "x86_64-linux": {
          "outputs": [
            {
              "name": "out",
              "path": "/nix/store/nzs3as4wb44gs2g87ghabfhj3i76921n-gofumpt-0.8.0",
              "default": true
            }
          ],
          "store_path": "/nix/store/nzs3as4wb44gs2g87ghabfhj3i76921n-gofumpt-0.8.0"
        }
      }
    },
    "golangci-lint@1.64.8": {
      "last_modified": "2025-03-23T14:04:58Z",
      "resolved": "github:NixOS/nixpkgs/f3a2a0601e9669a6e38af25b46ce6c4563bcb6da#golangci-lint",
      "source": "devbox-search",
      "version": "1.64.8",
      "systems": {
        "aarch64-darwin": {
          "outputs": [
            {
              "name": "out",
              "path": "/nix/store/8142ildg0bp11j0ssdc77il5rxv25sm8-golangci-lint-1.64.8",
              "default": true
            }
          ],
          "store_path": "/nix/store/8142ildg0bp11j0ssdc77il5rxv25sm8-golangci-lint-1.64.8"
        },
        "aarch64-linux": {
          "outputs": [
            {
              "name": "out",
              "path": "/nix/store/pl31v3jjbrf8l0ll7xg40dw3s2xgxbaa-golangci-lint-1.64.8",
              "default": true
            }
          ],
          "store_path": "/nix/store/pl31v3jjbrf8l0ll7xg40dw3s2xgxbaa-golangci-lint-1.64.8"
        },
        "x86_64-darwin": {
          "outputs": [
            {
              "name": "out",
              "path": "/nix/store/0lz3b95c0y9mh95dl0jyiyn76fjxq3yf-golangci-lint-1.64.8",
              "default": true
            }
          ],
          "store_path": "/nix/store/0lz3b95c0y9mh95dl0jyiyn76fjxq3yf-golangci-lint-1.64.8"
        },
        "x86_64-linux": {
          "outputs": [
            {
              "name": "out",
              "path": "/nix/store/9xz2x85fpbblk2mpwj54azimxx4cvkb1-golangci-lint-1.64.8",
              "default": true
            }
          ],
          "store_path": "/nix/store/9xz2x85fpbblk2mpwj54azimxx4cvkb1-golangci-lint-1.64.8"
        }
      }
    },
    "golines@0.12": {
      "last_modified": "2024-09-10T15:01:03Z",
      "resolved": "github:NixOS/nixpkgs/5ed627539ac84809c78b2dd6d26a5cebeb5ae269#golines",
      "source": "devbox-search",
      "version": "0.12.2",
      "systems": {
        "aarch64-darwin": {
          "outputs": [
            {
              "name": "out",
              "path": "/nix/store/08p0z14flgpkx0dbqirc7hw20fcksr4c-golines-0.12.2",
              "default": true
            }
          ],
          "store_path": "/nix/store/08p0z14flgpkx0dbqirc7hw20fcksr4c-golines-0.12.2"
        },
        "aarch64-linux": {
          "outputs": [
            {
              "name": "out",
              "path": "/nix/store/7jwpafpz5bp7rgg8bhli10bzh8a61vz5-golines-0.12.2",
              "default": true
            }
          ],
          "store_path": "/nix/store/7jwpafpz5bp7rgg8bhli10bzh8a61vz5-golines-0.12.2"
        },
        "x86_64-darwin": {
          "outputs": [
            {
              "name": "out",
              "path": "/nix/store/679vrl9dh5cr6d19734a4i9x1qw22k43-golines-0.12.2",
              "default": true
            }
          ],
          "store_path": "/nix/store/679vrl9dh5cr6d19734a4i9x1qw22k43-golines-0.12.2"
        },
        "x86_64-linux": {
          "outputs": [
            {
              "path": "/nix/store/k7k5b3s2i9xlmnzp6hp9hq2i3762lnz7-golines-0.12.2",
              "default": true
            }
          ],
          "store_path": "/nix/store/k7k5b3s2i9xlmnzp6hp9hq2i3762lnz7-golines-0.12.2"
        }
      }
    },
    "gosec@latest": {
      "last_modified": "2024-09-28T02:58:32Z",
      "resolved": "github:NixOS/nixpkgs/4471f9f67fe0f95f5fec4cc2ebac59fe32af2b62#gosec",
      "source": "devbox-search",
      "version": "2.21.4",
      "systems": {
        "aarch64-darwin": {
          "outputs": [
            {
              "name": "out",
              "path": "/nix/store/04pc4gvlraj5yk2zf3fabqnrpz1wsyl3-gosec-2.21.4",
              "default": true
            }
          ],
          "store_path": "/nix/store/04pc4gvlraj5yk2zf3fabqnrpz1wsyl3-gosec-2.21.4"
        },
        "aarch64-linux": {
          "outputs": [
            {
              "name": "out",
              "path": "/nix/store/km5fqslzybzgqq41dh5nr8hgn1s4yj1h-gosec-2.21.4",
              "default": true
            }
          ],
          "store_path": "/nix/store/km5fqslzybzgqq41dh5nr8hgn1s4yj1h-gosec-2.21.4"
        },
        "x86_64-darwin": {
          "outputs": [
            {
              "name": "out",
              "path": "/nix/store/5g05cri88720zmmkphgshkm0i4m9nkb1-gosec-2.21.4",
              "default": true
            }
          ],
          "store_path": "/nix/store/5g05cri88720zmmkphgshkm0i4m9nkb1-gosec-2.21.4"
        },
        "x86_64-linux": {
          "outputs": [
            {
              "path": "/nix/store/k92vwiq45fx0z3h3vfpvy820cywv48k0-gosec-2.21.4",
              "default": true
            }
          ],
          "store_path": "/nix/store/k92vwiq45fx0z3h3vfpvy820cywv48k0-gosec-2.21.4"
        }
      }
    },
    "gotools@0.30": {
      "last_modified": "2025-05-16T20:19:48Z",
      "resolved": "github:NixOS/nixpkgs/12a55407652e04dcf2309436eb06fef0d3713ef3#gotools",
      "source": "devbox-search",
      "version": "0.30.0",
      "systems": {
        "aarch64-darwin": {
          "outputs": [
            {
              "name": "out",
              "path": "/nix/store/v49s92vkzahl43dixhna6rj83dqsplps-gotools-0.30.0",
              "default": true
            }
          ],
          "store_path": "/nix/store/v49s92vkzahl43dixhna6rj83dqsplps-gotools-0.30.0"
        },
        "aarch64-linux": {
          "outputs": [
            {
              "name": "out",
              "path": "/nix/store/aamf2j2jg27zbna6dx80rqxpspca80m7-gotools-0.30.0",
              "default": true
            }
          ],
          "store_path": "/nix/store/aamf2j2jg27zbna6dx80rqxpspca80m7-gotools-0.30.0"
        },
        "x86_64-darwin": {
          "outputs": [
            {
              "name": "out",
              "path": "/nix/store/yzdcf7yvy8vmzssps9zc1m0p8kzngx0z-gotools-0.30.0",
              "default": true
            }
          ],
          "store_path": "/nix/store/yzdcf7yvy8vmzssps9zc1m0p8kzngx0z-gotools-0.30.0"
        },
        "x86_64-linux": {
          "outputs": [
            {
              "name": "out",
              "path": "/nix/store/lprzz2j0zqjlyzqgl75bmfli39gjs9vp-gotools-0.30.0",
              "default": true
            }
          ],
          "store_path": "/nix/store/lprzz2j0zqjlyzqgl75bmfli39gjs9vp-gotools-0.30.0"
        }
      }
    },
    "govulncheck@1.1.4": {
      "last_modified": "2025-05-16T20:19:48Z",
      "resolved": "github:NixOS/nixpkgs/12a55407652e04dcf2309436eb06fef0d3713ef3#govulncheck",
      "source": "devbox-search",
      "version": "1.1.4",
      "systems": {
        "aarch64-darwin": {
          "outputs": [
            {
              "name": "out",
              "path": "/nix/store/8rni7fry5sg928cqal7nglpqm8gppv81-govulncheck-1.1.4",
              "default": true
            }
          ],
          "store_path": "/nix/store/8rni7fry5sg928cqal7nglpqm8gppv81-govulncheck-1.1.4"
        },
        "aarch64-linux": {
          "outputs": [
            {
              "name": "out",
              "path": "/nix/store/vkblf0jwdhrmy2m3pna5nn0cqrik7vlb-govulncheck-1.1.4",
              "default": true
            }
          ],
          "store_path": "/nix/store/vkblf0jwdhrmy2m3pna5nn0cqrik7vlb-govulncheck-1.1.4"
        },
        "x86_64-darwin": {
          "outputs": [
            {
              "name": "out",
              "path": "/nix/store/clr0jn9ggj928iyghhvd20h487rvz3r7-govulncheck-1.1.4",
              "default": true
            }
          ],
          "store_path": "/nix/store/clr0jn9ggj928iyghhvd20h487rvz3r7-govulncheck-1.1.4"
        },
        "x86_64-linux": {
          "outputs": [
            {
              "name": "out",
              "path": "/nix/store/6nd9kbizh0w8yg0lsvm2gf458xd8m8j2-govulncheck-1.1.4",
              "default": true
            }
          ],
          "store_path": "/nix/store/6nd9kbizh0w8yg0lsvm2gf458xd8m8j2-govulncheck-1.1.4"
        }
      }
    },
    "yarn@1.22.22": {
      "last_modified": "2025-10-07T08:41:47Z",
      "resolved": "github:NixOS/nixpkgs/bce5fe2bb998488d8e7e7856315f90496723793c#yarn",
      "source": "devbox-search",
      "version": "1.22.22",
      "systems": {
        "aarch64-darwin": {
          "outputs": [
            {
              "name": "out",
              "path": "/nix/store/08a4ndlsxqxhl1fh8rv6xvp5g3mb2rza-yarn-1.22.22",
              "default": true
            }
          ],
          "store_path": "/nix/store/08a4ndlsxqxhl1fh8rv6xvp5g3mb2rza-yarn-1.22.22"
        },
        "aarch64-linux": {
          "outputs": [
            {
              "name": "out",
              "path": "/nix/store/lcdxpc4kmklvcjxwmc5a55r02cphyk79-yarn-1.22.22",
              "default": true
            }
          ],
          "store_path": "/nix/store/lcdxpc4kmklvcjxwmc5a55r02cphyk79-yarn-1.22.22"
        },
        "x86_64-darwin": {
          "outputs": [
            {
              "name": "out",
              "path": "/nix/store/v9zfbny8sspm8xbpdypapv8d00a1dy4x-yarn-1.22.22",
              "default": true
            }
          ],
          "store_path": "/nix/store/v9zfbny8sspm8xbpdypapv8d00a1dy4x-yarn-1.22.22"
        },
        "x86_64-linux": {
          "outputs": [
            {
              "name": "out",
              "path": "/nix/store/64qx8zj4x0597vc3if77hwcygc7vdfls-yarn-1.22.22",
              "default": true
            }
          ],
          "store_path": "/nix/store/64qx8zj4x0597vc3if77hwcygc7vdfls-yarn-1.22.22"
        }
      }
    }
  }
}
